
Microsoft Visual Studio Solution File, Format Version 12.00
# Visual Studio Version 17
VisualStudioVersion = 17.0.32002.185
MinimumVisualStudioVersion = 10.0.40219.1
Project("{9A19103F-16F7-4668-BE54-9A1E7A4F7556}") = "trackingapi", "trackingapi.csproj", "{F20EFE80-D431-42F3-87AF-2A3E7C61D8DE}"
EndProject
Project("{FAE04EC0-301F-11D3-BF4B-00C04F79EFBC}") = "tracking.client1", "..\tracking.client1\tracking.client1.csproj", "{B2AB4826-10CA-4056-9781-67453B2E6F0B}"
EndProject
Global
	GlobalSection(SolutionConfigurationPlatforms) = preSolution
		Debug|Any CPU = Debug|Any CPU
		Debug|x64 = Debug|x64
		Debug|x86 = Debug|x86
		Release|Any CPU = Release|Any CPU
		Release|x64 = Release|x64
		Release|x86 = Release|x86
	EndGlobalSection
	GlobalSection(ProjectConfigurationPlatforms) = postSolution
		{F20EFE80-D431-42F3-87AF-2A3E7C61D8DE}.Debug|Any CPU.ActiveCfg = Debug|Any CPU
		{F20EFE80-D431-42F3-87AF-2A3E7C61D8DE}.Debug|Any CPU.Build.0 = Debug|Any CPU
		{F20EFE80-D431-42F3-87AF-2A3E7C61D8DE}.Debug|x64.ActiveCfg = Debug|Any CPU
		{F20EFE80-D431-42F3-87AF-2A3E7C61D8DE}.Debug|x64.Build.0 = Debug|Any CPU
		{F20EFE80-D431-42F3-87AF-2A3E7C61D8DE}.Debug|x86.ActiveCfg = Debug|Any CPU
		{F20EFE80-D431-42F3-87AF-2A3E7C61D8DE}.Debug|x86.Build.0 = Debug|Any CPU
		{F20EFE80-D431-42F3-87AF-2A3E7C61D8DE}.Release|Any CPU.ActiveCfg = Release|Any CPU
		{F20EFE80-D431-42F3-87AF-2A3E7C61D8DE}.Release|Any CPU.Build.0 = Release|Any CPU
		{F20EFE80-D431-42F3-87AF-2A3E7C61D8DE}.Release|x64.ActiveCfg = Release|Any CPU
		{F20EFE80-D431-42F3-87AF-2A3E7C61D8DE}.Release|x64.Build.0 = Release|Any CPU
		{F20EFE80-D431-42F3-87AF-2A3E7C61D8DE}.Release|x86.ActiveCfg = Release|Any CPU
		{F20EFE80-D431-42F3-87AF-2A3E7C61D8DE}.Release|x86.Build.0 = Release|Any CPU
		{B2AB4826-10CA-4056-9781-67453B2E6F0B}.Debug|Any CPU.ActiveCfg = Debug|Any CPU
		{B2AB4826-10CA-4056-9781-67453B2E6F0B}.Debug|Any CPU.Build.0 = Debug|Any CPU
		{B2AB4826-10CA-4056-9781-67453B2E6F0B}.Debug|x64.ActiveCfg = Debug|Any CPU
		{B2AB4826-10CA-4056-9781-67453B2E6F0B}.Debug|x64.Build.0 = Debug|Any CPU
		{B2AB4826-10CA-4056-9781-67453B2E6F0B}.Debug|x86.ActiveCfg = Debug|Any CPU
		{B2AB4826-10CA-4056-9781-67453B2E6F0B}.Debug|x86.Build.0 = Debug|Any CPU
		{B2AB4826-10CA-4056-9781-67453B2E6F0B}.Release|Any CPU.ActiveCfg = Release|Any CPU
		{B2AB4826-10CA-4056-9781-67453B2E6F0B}.Release|Any CPU.Build.0 = Release|Any CPU
		{B2AB4826-10CA-4056-9781-67453B2E6F0B}.Release|x64.ActiveCfg = Release|Any CPU
		{B2AB4826-10CA-4056-9781-67453B2E6F0B}.Release|x64.Build.0 = Release|Any CPU
		{B2AB4826-10CA-4056-9781-67453B2E6F0B}.Release|x86.ActiveCfg = Release|Any CPU
		{B2AB4826-10CA-4056-9781-67453B2E6F0B}.Release|x86.Build.0 = Release|Any CPU
	EndGlobalSection
	GlobalSection(SolutionProperties) = preSolution
		HideSolutionNode = FALSE
	EndGlobalSection
	GlobalSection(ExtensibilityGlobals) = postSolution
		SolutionGuid = {73DEF551-C0CD-4312-8D59-D9E5E007471E}
	EndGlobalSection
EndGlobal
